{
	"name": "@tmagic/table",
	"version": "1.0.0-rc.5",
	"lockfileVersion": 1,
	"requires": true,
	"dependencies": {
		"@vue/test-utils": {
			"version": "2.0.0-rc.20",
			"resolved": "https://registry.npmjs.org/@vue/test-utils/-/test-utils-2.0.0-rc.20.tgz",
			"integrity": "sha512-aSkOAzM/ZlIyYgN7yj661FTjhFZZy5i9+FUbbDNoMGYA4F1WKwDdcDCPj9B/qzt3wGFkuCP5PO6SBtdSTMEhIA==",
			"dev": true
		},
		"element-plus": {
			"version": "2.2.0",
			"resolved": "https://registry.npmjs.org/element-plus/-/element-plus-2.2.0.tgz",
			"integrity": "sha512-zxmAFEAa1T/n09rR+NozXcWl5CjaFtqoaxhFSafag0dgc90tgEHitDXfegdFAl4ahugdNTqu9aLzngx3VhDAtA==",
			"requires": {
				"@ctrl/tinycolor": "^3.4.1",
				"@element-plus/icons-vue": "^1.1.4",
				"@floating-ui/dom": "^0.4.5",
				"@popperjs/core": "npm:@sxzz/popperjs-es@^2.11.6",
				"@types/lodash": "^4.14.182",
				"@types/lodash-es": "^4.17.6",
				"@vueuse/core": "^8.2.6",
				"async-validator": "^4.0.7",
				"dayjs": "^1.11.1",
				"escape-html": "^1.0.3",
				"lodash": "^4.17.21",
				"lodash-es": "^4.17.21",
				"lodash-unified": "^1.0.2",
				"memoize-one": "^6.0.0",
				"normalize-wheel-es": "^1.1.2"
			},
			"dependencies": {
				"@ctrl/tinycolor": {
					"version": "3.4.1",
					"resolved": "https://registry.npmjs.org/@ctrl/tinycolor/-/tinycolor-3.4.1.tgz",
					"integrity": "sha512-ej5oVy6lykXsvieQtqZxCOaLT+xD4+QNarq78cIYISHmZXshCvROLudpQN3lfL8G0NL7plMSSK+zlyvCaIJ4Iw=="
				},
				"@element-plus/icons-vue": {
					"version": "1.1.4",
					"resolved": "https://registry.npmjs.org/@element-plus/icons-vue/-/icons-vue-1.1.4.tgz",
					"integrity": "sha512-Iz/nHqdp1sFPmdzRwHkEQQA3lKvoObk8azgABZ81QUOpW9s/lUyQVUSh0tNtEPZXQlKwlSh7SPgoVxzrE0uuVQ=="
				},
				"@floating-ui/core": {
					"version": "0.6.2",
					"resolved": "https://registry.npmjs.org/@floating-ui/core/-/core-0.6.2.tgz",
					"integrity": "sha512-jktYRmZwmau63adUG3GKOAVCofBXkk55S/zQ94XOorAHhwqFIOFAy1rSp2N0Wp6/tGbe9V3u/ExlGZypyY17rg=="
				},
				"@floating-ui/dom": {
					"version": "0.4.5",
					"resolved": "https://registry.npmjs.org/@floating-ui/dom/-/dom-0.4.5.tgz",
					"integrity": "sha512-b+prvQgJt8pieaKYMSJBXHxX/DYwdLsAWxKYqnO5dO2V4oo/TYBZJAUQCVNjTWWsrs6o4VDrNcP9+E70HAhJdw==",
					"requires": {
						"@floating-ui/core": "^0.6.2"
					}
				},
				"@popperjs/core": {
					"version": "npm:@sxzz/popperjs-es@2.11.7",
					"resolved": "https://registry.npmjs.org/@sxzz/popperjs-es/-/popperjs-es-2.11.7.tgz",
					"integrity": "sha512-Ccy0NlLkzr0Ex2FKvh2X+OyERHXJ88XJ1MXtsI9y9fGexlaXaVTPzBCRBwIxFkORuOb+uBqeu+RqnpgYTEZRUQ=="
				},
				"@types/lodash": {
					"version": "4.14.182",
					"resolved": "https://registry.npmjs.org/@types/lodash/-/lodash-4.14.182.tgz",
					"integrity": "sha512-/THyiqyQAP9AfARo4pF+aCGcyiQ94tX/Is2I7HofNRqoYLgN1PBoOWu2/zTA5zMxzP5EFutMtWtGAFRKUe961Q=="
				},
				"@types/lodash-es": {
					"version": "4.17.6",
					"resolved": "https://registry.npmjs.org/@types/lodash-es/-/lodash-es-4.17.6.tgz",
					"integrity": "sha512-R+zTeVUKDdfoRxpAryaQNRKk3105Rrgx2CFRClIgRGaqDTdjsm8h6IYA8ir584W3ePzkZfst5xIgDwYrlh9HLg==",
					"requires": {
						"@types/lodash": "*"
					}
				},
				"@vueuse/core": {
					"version": "8.4.2",
					"resolved": "https://registry.npmjs.org/@vueuse/core/-/core-8.4.2.tgz",
					"integrity": "sha512-dUVU96lii1ZdWoNJXauQNt+4QrHz1DKbuW+y6pDR2N10q7rGZJMDU7pQeMcC2XeosX7kMODfaBuqsF03NozzLg==",
					"requires": {
						"@vueuse/metadata": "8.4.2",
						"@vueuse/shared": "8.4.2",
						"vue-demi": "*"
					}
				},
				"@vueuse/metadata": {
					"version": "8.4.2",
					"resolved": "https://registry.npmjs.org/@vueuse/metadata/-/metadata-8.4.2.tgz",
					"integrity": "sha512-2BIj++7P0/I5dfMsEe8q7Kw0HqVAjVcyNOd9+G22/ILUC9TVLTeYOuJ1kwa1Gpr+0LWKHc6GqHiLWNL33+exoQ=="
				},
				"@vueuse/shared": {
					"version": "8.4.2",
					"resolved": "https://registry.npmjs.org/@vueuse/shared/-/shared-8.4.2.tgz",
					"integrity": "sha512-hILXMEjL8YQhj1LHN/HZ49UThyfk8irTjhele2nW+L3N55ElFUBGB/f4w0rg8EW+/suhqv7kJJPTZzvHCqxlIw==",
					"requires": {
						"vue-demi": "*"
					}
				},
				"async-validator": {
					"version": "4.1.1",
					"resolved": "https://registry.npmjs.org/async-validator/-/async-validator-4.1.1.tgz",
					"integrity": "sha512-p4DO/JXwjs8klJyJL8Q2oM4ks5fUTze/h5k10oPPKMiLe1fj3G1QMzPHNmN1Py4ycOk7WlO2DcGXv1qiESJCZA=="
				},
				"dayjs": {
					"version": "1.11.2",
					"resolved": "https://registry.npmjs.org/dayjs/-/dayjs-1.11.2.tgz",
					"integrity": "sha512-F4LXf1OeU9hrSYRPTTj/6FbO4HTjPKXvEIC1P2kcnFurViINCVk3ZV0xAS3XVx9MkMsXbbqlK6hjseaYbgKEHw=="
				},
				"escape-html": {
					"version": "1.0.3",
					"resolved": "https://registry.npmjs.org/escape-html/-/escape-html-1.0.3.tgz",
					"integrity": "sha1-Aljq5NPQwJdN4cFpGI7wBR0dGYg="
				},
				"lodash": {
					"version": "4.17.21",
					"resolved": "https://registry.npmjs.org/lodash/-/lodash-4.17.21.tgz",
					"integrity": "sha512-v2kDEe57lecTulaDIuNTPy3Ry4gLGJ6Z1O3vE1krgXZNrsQ+LFTGHVxVjcXPs17LhbZVGedAJv8XZ1tvj5FvSg=="
				},
				"lodash-es": {
					"version": "4.17.21",
					"resolved": "https://registry.npmjs.org/lodash-es/-/lodash-es-4.17.21.tgz",
					"integrity": "sha512-mKnC+QJ9pWVzv+C4/U3rRsHapFfHvQFoFB92e52xeyGMcX6/OlIl78je1u8vePzYZSkkogMPJ2yjxxsb89cxyw=="
				},
				"lodash-unified": {
					"version": "1.0.2",
					"resolved": "https://registry.npmjs.org/lodash-unified/-/lodash-unified-1.0.2.tgz",
					"integrity": "sha512-OGbEy+1P+UT26CYi4opY4gebD8cWRDxAT6MAObIVQMiqYdxZr1g3QHWCToVsm31x2NkLS4K3+MC2qInaRMa39g=="
				},
				"memoize-one": {
					"version": "6.0.0",
					"resolved": "https://registry.npmjs.org/memoize-one/-/memoize-one-6.0.0.tgz",
					"integrity": "sha512-rkpe71W0N0c0Xz6QD0eJETuWAJGnJ9afsl1srmwPrI+yBCkge5EycXXbYRyvL29zZVUWQCY7InPRCv3GDXuZNw=="
				},
				"normalize-wheel-es": {
					"version": "1.1.2",
					"resolved": "https://registry.npmjs.org/normalize-wheel-es/-/normalize-wheel-es-1.1.2.tgz",
					"integrity": "sha512-scX83plWJXYH1J4+BhAuIHadROzxX0UBF3+HuZNY2Ks8BciE7tSTQ+5JhTsvzjaO0/EJdm4JBGrfObKxFf3Png=="
				},
				"vue-demi": {
					"version": "0.12.5",
					"resolved": "https://registry.npmjs.org/vue-demi/-/vue-demi-0.12.5.tgz",
					"integrity": "sha512-BREuTgTYlUr0zw0EZn3hnhC3I6gPWv+Kwh4MCih6QcAeaTlaIX0DwOVN0wHej7hSvDPecz4jygy/idsgKfW58Q=="
				}
			}
		},
		"vue": {
			"version": "3.2.32",
			"resolved": "https://registry.npmjs.org/vue/-/vue-3.2.32.tgz",
			"integrity": "sha512-6L3jKZApF042OgbCkh+HcFeAkiYi3Lovi8wNhWqIK98Pi5efAMLZzRHgi91v+60oIRxdJsGS9sTMsb+yDpY8Eg==",
			"requires": {
				"@vue/compiler-dom": "3.2.32",
				"@vue/compiler-sfc": "3.2.32",
				"@vue/runtime-dom": "3.2.32",
				"@vue/server-renderer": "3.2.32",
				"@vue/shared": "3.2.32"
			},
			"dependencies": {
				"@babel/parser": {
					"version": "7.17.9",
					"resolved": "https://registry.npmjs.org/@babel/parser/-/parser-7.17.9.tgz",
					"integrity": "sha512-vqUSBLP8dQHFPdPi9bc5GK9vRkYHJ49fsZdtoJ8EQ8ibpwk5rPKfvNIwChB0KVXcIjcepEBBd2VHC5r9Gy8ueg=="
				},
				"@vue/compiler-core": {
					"version": "3.2.32",
					"resolved": "https://registry.npmjs.org/@vue/compiler-core/-/compiler-core-3.2.32.tgz",
					"integrity": "sha512-bRQ8Rkpm/aYFElDWtKkTPHeLnX5pEkNxhPUcqu5crEJIilZH0yeFu/qUAcV4VfSE2AudNPkQSOwMZofhnuutmA==",
					"requires": {
						"@babel/parser": "^7.16.4",
						"@vue/shared": "3.2.32",
						"estree-walker": "^2.0.2",
						"source-map": "^0.6.1"
					}
				},
				"@vue/compiler-dom": {
					"version": "3.2.32",
					"resolved": "https://registry.npmjs.org/@vue/compiler-dom/-/compiler-dom-3.2.32.tgz",
					"integrity": "sha512-maa3PNB/NxR17h2hDQfcmS02o1f9r9QIpN1y6fe8tWPrS1E4+q8MqrvDDQNhYVPd84rc3ybtyumrgm9D5Rf/kg==",
					"requires": {
						"@vue/compiler-core": "3.2.32",
						"@vue/shared": "3.2.32"
					}
				},
				"@vue/compiler-sfc": {
					"version": "3.2.32",
					"resolved": "https://registry.npmjs.org/@vue/compiler-sfc/-/compiler-sfc-3.2.32.tgz",
					"integrity": "sha512-uO6+Gh3AVdWm72lRRCjMr8nMOEqc6ezT9lWs5dPzh1E9TNaJkMYPaRtdY9flUv/fyVQotkfjY/ponjfR+trPSg==",
					"requires": {
						"@babel/parser": "^7.16.4",
						"@vue/compiler-core": "3.2.32",
						"@vue/compiler-dom": "3.2.32",
						"@vue/compiler-ssr": "3.2.32",
						"@vue/reactivity-transform": "3.2.32",
						"@vue/shared": "3.2.32",
						"estree-walker": "^2.0.2",
						"magic-string": "^0.25.7",
						"postcss": "^8.1.10",
						"source-map": "^0.6.1"
					}
				},
				"@vue/compiler-ssr": {
					"version": "3.2.32",
					"resolved": "https://registry.npmjs.org/@vue/compiler-ssr/-/compiler-ssr-3.2.32.tgz",
					"integrity": "sha512-ZklVUF/SgTx6yrDUkaTaBL/JMVOtSocP+z5Xz/qIqqLdW/hWL90P+ob/jOQ0Xc/om57892Q7sRSrex0wujOL2Q==",
					"requires": {
						"@vue/compiler-dom": "3.2.32",
						"@vue/shared": "3.2.32"
					}
				},
				"@vue/reactivity": {
					"version": "3.2.32",
					"resolved": "https://registry.npmjs.org/@vue/reactivity/-/reactivity-3.2.32.tgz",
					"integrity": "sha512-4zaDumuyDqkuhbb63hRd+YHFGopW7srFIWesLUQ2su/rJfWrSq3YUvoKAJE8Eu1EhZ2Q4c1NuwnEreKj1FkDxA==",
					"requires": {
						"@vue/shared": "3.2.32"
					}
				},
				"@vue/reactivity-transform": {
					"version": "3.2.32",
					"resolved": "https://registry.npmjs.org/@vue/reactivity-transform/-/reactivity-transform-3.2.32.tgz",
					"integrity": "sha512-CW1W9zaJtE275tZSWIfQKiPG0iHpdtSlmTqYBu7Y62qvtMgKG5yOxtvBs4RlrZHlaqFSE26avLAgQiTp4YHozw==",
					"requires": {
						"@babel/parser": "^7.16.4",
						"@vue/compiler-core": "3.2.32",
						"@vue/shared": "3.2.32",
						"estree-walker": "^2.0.2",
						"magic-string": "^0.25.7"
					}
				},
				"@vue/runtime-core": {
					"version": "3.2.32",
					"resolved": "https://registry.npmjs.org/@vue/runtime-core/-/runtime-core-3.2.32.tgz",
					"integrity": "sha512-uKKzK6LaCnbCJ7rcHvsK0azHLGpqs+Vi9B28CV1mfWVq1F3Bj8Okk3cX+5DtD06aUh4V2bYhS2UjjWiUUKUF0w==",
					"requires": {
						"@vue/reactivity": "3.2.32",
						"@vue/shared": "3.2.32"
					}
				},
				"@vue/runtime-dom": {
					"version": "3.2.32",
					"resolved": "https://registry.npmjs.org/@vue/runtime-dom/-/runtime-dom-3.2.32.tgz",
					"integrity": "sha512-AmlIg+GPqjkNoADLjHojEX5RGcAg+TsgXOOcUrtDHwKvA8mO26EnLQLB8nylDjU6AMJh2CIYn8NEgyOV5ZIScQ==",
					"requires": {
						"@vue/runtime-core": "3.2.32",
						"@vue/shared": "3.2.32",
						"csstype": "^2.6.8"
					}
				},
				"@vue/server-renderer": {
					"version": "3.2.32",
					"resolved": "https://registry.npmjs.org/@vue/server-renderer/-/server-renderer-3.2.32.tgz",
					"integrity": "sha512-TYKpZZfRJpGTTiy/s6bVYwQJpAUx3G03z4G7/3O18M11oacrMTVHaHjiPuPqf3xQtY8R4LKmQ3EOT/DRCA/7Wg==",
					"requires": {
						"@vue/compiler-ssr": "3.2.32",
						"@vue/shared": "3.2.32"
					}
				},
				"@vue/shared": {
					"version": "3.2.32",
					"resolved": "https://registry.npmjs.org/@vue/shared/-/shared-3.2.32.tgz",
					"integrity": "sha512-bjcixPErUsAnTQRQX4Z5IQnICYjIfNCyCl8p29v1M6kfVzvwOICPw+dz48nNuWlTOOx2RHhzHdazJibE8GSnsw=="
				},
				"csstype": {
					"version": "2.6.20",
					"resolved": "https://registry.npmjs.org/csstype/-/csstype-2.6.20.tgz",
					"integrity": "sha512-/WwNkdXfckNgw6S5R125rrW8ez139lBHWouiBvX8dfMFtcn6V81REDqnH7+CRpRipfYlyU1CmOnOxrmGcFOjeA=="
				},
				"estree-walker": {
					"version": "2.0.2",
					"resolved": "https://registry.npmjs.org/estree-walker/-/estree-walker-2.0.2.tgz",
					"integrity": "sha512-Rfkk/Mp/DL7JVje3u18FxFujQlTNR2q6QfMSMB7AvCBx91NGj/ba3kCfza0f6dVDbw7YlRf/nDrn7pQrCCyQ/w=="
				},
				"magic-string": {
					"version": "0.25.9",
					"resolved": "https://registry.npmjs.org/magic-string/-/magic-string-0.25.9.tgz",
					"integrity": "sha512-RmF0AsMzgt25qzqqLc1+MbHmhdx0ojF2Fvs4XnOqz2ZOBXzzkEwc/dJQZCYHAn7v1jbVOjAZfK8msRn4BxO4VQ==",
					"requires": {
						"sourcemap-codec": "^1.4.8"
					}
				},
				"nanoid": {
					"version": "3.3.2",
					"resolved": "https://registry.npmjs.org/nanoid/-/nanoid-3.3.2.tgz",
					"integrity": "sha512-CuHBogktKwpm5g2sRgv83jEy2ijFzBwMoYA60orPDR7ynsLijJDqgsi4RDGj3OJpy3Ieb+LYwiRmIOGyytgITA=="
				},
				"picocolors": {
					"version": "1.0.0",
					"resolved": "https://registry.npmjs.org/picocolors/-/picocolors-1.0.0.tgz",
					"integrity": "sha512-1fygroTLlHu66zi26VoTDv8yRgm0Fccecssto+MhsZ0D/DGW2sm8E8AjW7NU5VVTRt5GxbeZ5qBuJr+HyLYkjQ=="
				},
				"postcss": {
					"version": "8.4.12",
					"resolved": "https://registry.npmjs.org/postcss/-/postcss-8.4.12.tgz",
					"integrity": "sha512-lg6eITwYe9v6Hr5CncVbK70SoioNQIq81nsaG86ev5hAidQvmOeETBqs7jm43K2F5/Ley3ytDtriImV6TpNiSg==",
					"requires": {
						"nanoid": "^3.3.1",
						"picocolors": "^1.0.0",
						"source-map-js": "^1.0.2"
					}
				},
				"source-map": {
					"version": "0.6.1",
					"resolved": "https://registry.npmjs.org/source-map/-/source-map-0.6.1.tgz",
					"integrity": "sha512-UjgapumWlbMhkBgzT7Ykc5YXUT46F0iKu8SGXq0bcwP5dz/h0Plj6enJqjz1Zbq2l5WaqYnrVbwWOWMyF3F47g=="
				},
				"source-map-js": {
					"version": "1.0.2",
					"resolved": "https://registry.npmjs.org/source-map-js/-/source-map-js-1.0.2.tgz",
					"integrity": "sha512-R0XvVJ9WusLiqTCEiGCmICCMplcCkIwwR11mOSD9CR5u+IXYdiseeEuXCVAjS54zqwkLcPNnmU4OeJ6tUrWhDw=="
				},
				"sourcemap-codec": {
					"version": "1.4.8",
					"resolved": "https://registry.npmjs.org/sourcemap-codec/-/sourcemap-codec-1.4.8.tgz",
					"integrity": "sha512-9NykojV5Uih4lgo5So5dtw+f0JgJX30KCNI8gwhz2J9A15wD0Ml6tjHKwf6fTSa6fAdVBdZeNOs9eJ71qCk8vA=="
				}
			}
		}
	}
}
