{
	"name": "runtime-vue3",
	"version": "1.0.0-rc.1",
	"lockfileVersion": 1,
	"requires": true,
	"dependencies": {
		"@vue/test-utils": {
			"version": "2.0.0-rc.20",
			"resolved": "https://registry.npmjs.org/@vue/test-utils/-/test-utils-2.0.0-rc.20.tgz",
			"integrity": "sha512-aSkOAzM/ZlIyYgN7yj661FTjhFZZy5i9+FUbbDNoMGYA4F1WKwDdcDCPj9B/qzt3wGFkuCP5PO6SBtdSTMEhIA==",
			"dev": true
		},
		"vue": {
			"version": "3.2.32",
			"resolved": "https://registry.npmjs.org/vue/-/vue-3.2.32.tgz",
			"integrity": "sha512-6L3jKZApF042OgbCkh+HcFeAkiYi3Lovi8wNhWqIK98Pi5efAMLZzRHgi91v+60oIRxdJsGS9sTMsb+yDpY8Eg==",
			"requires": {
				"@vue/compiler-dom": "3.2.32",
				"@vue/compiler-sfc": "3.2.32",
				"@vue/runtime-dom": "3.2.32",
				"@vue/server-renderer": "3.2.32",
				"@vue/shared": "3.2.32"
			},
			"dependencies": {
				"@babel/parser": {
					"version": "7.17.9",
					"resolved": "https://registry.npmjs.org/@babel/parser/-/parser-7.17.9.tgz",
					"integrity": "sha512-vqUSBLP8dQHFPdPi9bc5GK9vRkYHJ49fsZdtoJ8EQ8ibpwk5rPKfvNIwChB0KVXcIjcepEBBd2VHC5r9Gy8ueg=="
				},
				"@vue/compiler-core": {
					"version": "3.2.32",
					"resolved": "https://registry.npmjs.org/@vue/compiler-core/-/compiler-core-3.2.32.tgz",
					"integrity": "sha512-bRQ8Rkpm/aYFElDWtKkTPHeLnX5pEkNxhPUcqu5crEJIilZH0yeFu/qUAcV4VfSE2AudNPkQSOwMZofhnuutmA==",
					"requires": {
						"@babel/parser": "^7.16.4",
						"@vue/shared": "3.2.32",
						"estree-walker": "^2.0.2",
						"source-map": "^0.6.1"
					}
				},
				"@vue/compiler-dom": {
					"version": "3.2.32",
					"resolved": "https://registry.npmjs.org/@vue/compiler-dom/-/compiler-dom-3.2.32.tgz",
					"integrity": "sha512-maa3PNB/NxR17h2hDQfcmS02o1f9r9QIpN1y6fe8tWPrS1E4+q8MqrvDDQNhYVPd84rc3ybtyumrgm9D5Rf/kg==",
					"requires": {
						"@vue/compiler-core": "3.2.32",
						"@vue/shared": "3.2.32"
					}
				},
				"@vue/compiler-sfc": {
					"version": "3.2.32",
					"resolved": "https://registry.npmjs.org/@vue/compiler-sfc/-/compiler-sfc-3.2.32.tgz",
					"integrity": "sha512-uO6+Gh3AVdWm72lRRCjMr8nMOEqc6ezT9lWs5dPzh1E9TNaJkMYPaRtdY9flUv/fyVQotkfjY/ponjfR+trPSg==",
					"requires": {
						"@babel/parser": "^7.16.4",
						"@vue/compiler-core": "3.2.32",
						"@vue/compiler-dom": "3.2.32",
						"@vue/compiler-ssr": "3.2.32",
						"@vue/reactivity-transform": "3.2.32",
						"@vue/shared": "3.2.32",
						"estree-walker": "^2.0.2",
						"magic-string": "^0.25.7",
						"postcss": "^8.1.10",
						"source-map": "^0.6.1"
					}
				},
				"@vue/compiler-ssr": {
					"version": "3.2.32",
					"resolved": "https://registry.npmjs.org/@vue/compiler-ssr/-/compiler-ssr-3.2.32.tgz",
					"integrity": "sha512-ZklVUF/SgTx6yrDUkaTaBL/JMVOtSocP+z5Xz/qIqqLdW/hWL90P+ob/jOQ0Xc/om57892Q7sRSrex0wujOL2Q==",
					"requires": {
						"@vue/compiler-dom": "3.2.32",
						"@vue/shared": "3.2.32"
					}
				},
				"@vue/reactivity": {
					"version": "3.2.32",
					"resolved": "https://registry.npmjs.org/@vue/reactivity/-/reactivity-3.2.32.tgz",
					"integrity": "sha512-4zaDumuyDqkuhbb63hRd+YHFGopW7srFIWesLUQ2su/rJfWrSq3YUvoKAJE8Eu1EhZ2Q4c1NuwnEreKj1FkDxA==",
					"requires": {
						"@vue/shared": "3.2.32"
					}
				},
				"@vue/reactivity-transform": {
					"version": "3.2.32",
					"resolved": "https://registry.npmjs.org/@vue/reactivity-transform/-/reactivity-transform-3.2.32.tgz",
					"integrity": "sha512-CW1W9zaJtE275tZSWIfQKiPG0iHpdtSlmTqYBu7Y62qvtMgKG5yOxtvBs4RlrZHlaqFSE26avLAgQiTp4YHozw==",
					"requires": {
						"@babel/parser": "^7.16.4",
						"@vue/compiler-core": "3.2.32",
						"@vue/shared": "3.2.32",
						"estree-walker": "^2.0.2",
						"magic-string": "^0.25.7"
					}
				},
				"@vue/runtime-core": {
					"version": "3.2.32",
					"resolved": "https://registry.npmjs.org/@vue/runtime-core/-/runtime-core-3.2.32.tgz",
					"integrity": "sha512-uKKzK6LaCnbCJ7rcHvsK0azHLGpqs+Vi9B28CV1mfWVq1F3Bj8Okk3cX+5DtD06aUh4V2bYhS2UjjWiUUKUF0w==",
					"requires": {
						"@vue/reactivity": "3.2.32",
						"@vue/shared": "3.2.32"
					}
				},
				"@vue/runtime-dom": {
					"version": "3.2.32",
					"resolved": "https://registry.npmjs.org/@vue/runtime-dom/-/runtime-dom-3.2.32.tgz",
					"integrity": "sha512-AmlIg+GPqjkNoADLjHojEX5RGcAg+TsgXOOcUrtDHwKvA8mO26EnLQLB8nylDjU6AMJh2CIYn8NEgyOV5ZIScQ==",
					"requires": {
						"@vue/runtime-core": "3.2.32",
						"@vue/shared": "3.2.32",
						"csstype": "^2.6.8"
					}
				},
				"@vue/server-renderer": {
					"version": "3.2.32",
					"resolved": "https://registry.npmjs.org/@vue/server-renderer/-/server-renderer-3.2.32.tgz",
					"integrity": "sha512-TYKpZZfRJpGTTiy/s6bVYwQJpAUx3G03z4G7/3O18M11oacrMTVHaHjiPuPqf3xQtY8R4LKmQ3EOT/DRCA/7Wg==",
					"requires": {
						"@vue/compiler-ssr": "3.2.32",
						"@vue/shared": "3.2.32"
					}
				},
				"@vue/shared": {
					"version": "3.2.32",
					"resolved": "https://registry.npmjs.org/@vue/shared/-/shared-3.2.32.tgz",
					"integrity": "sha512-bjcixPErUsAnTQRQX4Z5IQnICYjIfNCyCl8p29v1M6kfVzvwOICPw+dz48nNuWlTOOx2RHhzHdazJibE8GSnsw=="
				},
				"csstype": {
					"version": "2.6.20",
					"resolved": "https://registry.npmjs.org/csstype/-/csstype-2.6.20.tgz",
					"integrity": "sha512-/WwNkdXfckNgw6S5R125rrW8ez139lBHWouiBvX8dfMFtcn6V81REDqnH7+CRpRipfYlyU1CmOnOxrmGcFOjeA=="
				},
				"estree-walker": {
					"version": "2.0.2",
					"resolved": "https://registry.npmjs.org/estree-walker/-/estree-walker-2.0.2.tgz",
					"integrity": "sha512-Rfkk/Mp/DL7JVje3u18FxFujQlTNR2q6QfMSMB7AvCBx91NGj/ba3kCfza0f6dVDbw7YlRf/nDrn7pQrCCyQ/w=="
				},
				"magic-string": {
					"version": "0.25.9",
					"resolved": "https://registry.npmjs.org/magic-string/-/magic-string-0.25.9.tgz",
					"integrity": "sha512-RmF0AsMzgt25qzqqLc1+MbHmhdx0ojF2Fvs4XnOqz2ZOBXzzkEwc/dJQZCYHAn7v1jbVOjAZfK8msRn4BxO4VQ==",
					"requires": {
						"sourcemap-codec": "^1.4.8"
					}
				},
				"nanoid": {
					"version": "3.3.2",
					"resolved": "https://registry.npmjs.org/nanoid/-/nanoid-3.3.2.tgz",
					"integrity": "sha512-CuHBogktKwpm5g2sRgv83jEy2ijFzBwMoYA60orPDR7ynsLijJDqgsi4RDGj3OJpy3Ieb+LYwiRmIOGyytgITA=="
				},
				"picocolors": {
					"version": "1.0.0",
					"resolved": "https://registry.npmjs.org/picocolors/-/picocolors-1.0.0.tgz",
					"integrity": "sha512-1fygroTLlHu66zi26VoTDv8yRgm0Fccecssto+MhsZ0D/DGW2sm8E8AjW7NU5VVTRt5GxbeZ5qBuJr+HyLYkjQ=="
				},
				"postcss": {
					"version": "8.4.12",
					"resolved": "https://registry.npmjs.org/postcss/-/postcss-8.4.12.tgz",
					"integrity": "sha512-lg6eITwYe9v6Hr5CncVbK70SoioNQIq81nsaG86ev5hAidQvmOeETBqs7jm43K2F5/Ley3ytDtriImV6TpNiSg==",
					"requires": {
						"nanoid": "^3.3.1",
						"picocolors": "^1.0.0",
						"source-map-js": "^1.0.2"
					}
				},
				"source-map": {
					"version": "0.6.1",
					"resolved": "https://registry.npmjs.org/source-map/-/source-map-0.6.1.tgz",
					"integrity": "sha512-UjgapumWlbMhkBgzT7Ykc5YXUT46F0iKu8SGXq0bcwP5dz/h0Plj6enJqjz1Zbq2l5WaqYnrVbwWOWMyF3F47g=="
				},
				"source-map-js": {
					"version": "1.0.2",
					"resolved": "https://registry.npmjs.org/source-map-js/-/source-map-js-1.0.2.tgz",
					"integrity": "sha512-R0XvVJ9WusLiqTCEiGCmICCMplcCkIwwR11mOSD9CR5u+IXYdiseeEuXCVAjS54zqwkLcPNnmU4OeJ6tUrWhDw=="
				},
				"sourcemap-codec": {
					"version": "1.4.8",
					"resolved": "https://registry.npmjs.org/sourcemap-codec/-/sourcemap-codec-1.4.8.tgz",
					"integrity": "sha512-9NykojV5Uih4lgo5So5dtw+f0JgJX30KCNI8gwhz2J9A15wD0Ml6tjHKwf6fTSa6fAdVBdZeNOs9eJ71qCk8vA=="
				}
			}
		}
	}
}
