{
	"name": "@tmagic/ui-vue2",
	"version": "1.0.0-beta.5",
	"lockfileVersion": 1,
	"requires": true,
	"dependencies": {
		"vue": {
			"version": "2.6.14",
			"resolved": "https://registry.npmjs.org/vue/-/vue-2.6.14.tgz",
			"integrity": "sha512-x2284lgYvjOMj3Za7kqzRcUSxBboHqtgRE2zlos1qWaOye5yUmHn42LB1250NJBLRwEcdrB0JRwyPTEPhfQjiQ=="
		}
	}
}
