{
	"name": "@tmagic/ui",
	"version": "1.0.0-rc.1",
	"lockfileVersion": 1,
	"requires": true,
	"dependencies": {
		"@testing-library/vue": {
			"version": "6.5.1",
			"resolved": "https://registry.npmjs.org/@testing-library/vue/-/vue-6.5.1.tgz",
			"integrity": "sha512-zbh2cAJrFbNN9i30Ly6rhbxq7y1aD1Au8v4QjukOLWWHJj7WH6q051eBcHTxPFjKCU4sCH6w6Xn5Qj7B35vc0w==",
			"dev": true,
			"requires": {
				"@babel/runtime": "^7.15.4",
				"@testing-library/dom": "^8.5.0",
				"@vue/test-utils": "^2.0.0-rc.18"
			},
			"dependencies": {
				"@babel/code-frame": {
					"version": "7.16.7",
					"resolved": "https://registry.npmjs.org/@babel/code-frame/-/code-frame-7.16.7.tgz",
					"integrity": "sha512-iAXqUn8IIeBTNd72xsFlgaXHkMBMt6y4HJp1tIaK465CWLT/fG1aqB7ykr95gHHmlBdGbFeWWfyB4NJJ0nmeIg==",
					"dev": true,
					"requires": {
						"@babel/highlight": "^7.16.7"
					}
				},
				"@babel/helper-validator-identifier": {
					"version": "7.16.7",
					"resolved": "https://registry.npmjs.org/@babel/helper-validator-identifier/-/helper-validator-identifier-7.16.7.tgz",
					"integrity": "sha512-hsEnFemeiW4D08A5gUAZxLBTXpZ39P+a+DGDsHw1yxqyQ/jzFEnxf5uTEGp+3bzAbNOxU1paTgYS4ECU/IgfDw==",
					"dev": true
				},
				"@babel/highlight": {
					"version": "7.17.9",
					"resolved": "https://registry.npmjs.org/@babel/highlight/-/highlight-7.17.9.tgz",
					"integrity": "sha512-J9PfEKCbFIv2X5bjTMiZu6Vf341N05QIY+d6FvVKynkG1S7G0j3I0QoRtWIrXhZ+/Nlb5Q0MzqL7TokEJ5BNHg==",
					"dev": true,
					"requires": {
						"@babel/helper-validator-identifier": "^7.16.7",
						"chalk": "^2.0.0",
						"js-tokens": "^4.0.0"
					},
					"dependencies": {
						"chalk": {
							"version": "2.4.2",
							"resolved": "https://registry.npmjs.org/chalk/-/chalk-2.4.2.tgz",
							"integrity": "sha512-Mti+f9lpJNcwF4tWV8/OrTTtF1gZi+f8FqlyAdouralcFWFQWF2+NgCHShjkCb+IFBLq9buZwE1xckQU4peSuQ==",
							"dev": true,
							"requires": {
								"ansi-styles": "^3.2.1",
								"escape-string-regexp": "^1.0.5",
								"supports-color": "^5.3.0"
							}
						}
					}
				},
				"@babel/runtime": {
					"version": "7.17.9",
					"resolved": "https://registry.npmjs.org/@babel/runtime/-/runtime-7.17.9.tgz",
					"integrity": "sha512-lSiBBvodq29uShpWGNbgFdKYNiFDo5/HIYsaCEY9ff4sb10x9jizo2+pRrSyF4jKZCXqgzuqBOQKbUm90gQwJg==",
					"dev": true,
					"requires": {
						"regenerator-runtime": "^0.13.4"
					}
				},
				"@testing-library/dom": {
					"version": "8.13.0",
					"resolved": "https://registry.npmjs.org/@testing-library/dom/-/dom-8.13.0.tgz",
					"integrity": "sha512-9VHgfIatKNXQNaZTtLnalIy0jNZzY35a4S3oi08YAt9Hv1VsfZ/DfA45lM8D/UhtHBGJ4/lGwp0PZkVndRkoOQ==",
					"dev": true,
					"requires": {
						"@babel/code-frame": "^7.10.4",
						"@babel/runtime": "^7.12.5",
						"@types/aria-query": "^4.2.0",
						"aria-query": "^5.0.0",
						"chalk": "^4.1.0",
						"dom-accessibility-api": "^0.5.9",
						"lz-string": "^1.4.4",
						"pretty-format": "^27.0.2"
					}
				},
				"@types/aria-query": {
					"version": "4.2.2",
					"resolved": "https://registry.npmjs.org/@types/aria-query/-/aria-query-4.2.2.tgz",
					"integrity": "sha512-HnYpAE1Y6kRyKM/XkEuiRQhTHvkzMBurTHnpFLYLBGPIylZNPs9jJcuOOYWxPLJCSEtmZT0Y8rHDokKN7rRTig==",
					"dev": true
				},
				"ansi-regex": {
					"version": "5.0.1",
					"resolved": "https://registry.npmjs.org/ansi-regex/-/ansi-regex-5.0.1.tgz",
					"integrity": "sha512-quJQXlTSUGL2LH9SUXo8VwsY4soanhgo6LNSm84E1LBcE8s3O0wpdiRzyR9z/ZZJMlMWv37qOOb9pdJlMUEKFQ==",
					"dev": true
				},
				"ansi-styles": {
					"version": "3.2.1",
					"resolved": "https://registry.npmjs.org/ansi-styles/-/ansi-styles-3.2.1.tgz",
					"integrity": "sha512-VT0ZI6kZRdTh8YyJw3SMbYm/u+NqfsAxEpWO0Pf9sq8/e94WxxOpPKx9FR1FlyCtOVDNOQ+8ntlqFxiRc+r5qA==",
					"dev": true,
					"requires": {
						"color-convert": "^1.9.0"
					}
				},
				"aria-query": {
					"version": "5.0.0",
					"resolved": "https://registry.npmjs.org/aria-query/-/aria-query-5.0.0.tgz",
					"integrity": "sha512-V+SM7AbUwJ+EBnB8+DXs0hPZHO0W6pqBcc0dW90OwtVG02PswOu/teuARoLQjdDOH+t9pJgGnW5/Qmouf3gPJg==",
					"dev": true
				},
				"chalk": {
					"version": "4.1.2",
					"resolved": "https://registry.npmjs.org/chalk/-/chalk-4.1.2.tgz",
					"integrity": "sha512-oKnbhFyRIXpUuez8iBMmyEa4nbj4IOQyuhc/wy9kY7/WVPcwIO9VA668Pu8RkO7+0G76SLROeyw9CpQ061i4mA==",
					"dev": true,
					"requires": {
						"ansi-styles": "^4.1.0",
						"supports-color": "^7.1.0"
					},
					"dependencies": {
						"ansi-styles": {
							"version": "4.3.0",
							"resolved": "https://registry.npmjs.org/ansi-styles/-/ansi-styles-4.3.0.tgz",
							"integrity": "sha512-zbB9rCJAT1rbjiVDb2hqKFHNYLxgtk8NURxZ3IZwD3F6NtxbXZQCnnSi1Lkx+IDohdPlFp222wVALIheZJQSEg==",
							"dev": true,
							"requires": {
								"color-convert": "^2.0.1"
							}
						},
						"color-convert": {
							"version": "2.0.1",
							"resolved": "https://registry.npmjs.org/color-convert/-/color-convert-2.0.1.tgz",
							"integrity": "sha512-RRECPsj7iu/xb5oKYcsFHSppFNnsj/52OVTRKb4zP5onXwVF3zVmmToNcOfGC+CRDpfK/U584fMg38ZHCaElKQ==",
							"dev": true,
							"requires": {
								"color-name": "~1.1.4"
							}
						},
						"color-name": {
							"version": "1.1.4",
							"resolved": "https://registry.npmjs.org/color-name/-/color-name-1.1.4.tgz",
							"integrity": "sha512-dOy+3AuW3a2wNbZHIuMZpTcgjGuLU/uBL/ubcZF9OXbDo8ff4O8yVp5Bf0efS8uEoYo5q4Fx7dY9OgQGXgAsQA==",
							"dev": true
						},
						"has-flag": {
							"version": "4.0.0",
							"resolved": "https://registry.npmjs.org/has-flag/-/has-flag-4.0.0.tgz",
							"integrity": "sha512-EykJT/Q1KjTWctppgIAgfSO0tKVuZUjhgMr17kqTumMl6Afv3EISleU7qZUzoXDFTAHTDC4NOoG/ZxU3EvlMPQ==",
							"dev": true
						},
						"supports-color": {
							"version": "7.2.0",
							"resolved": "https://registry.npmjs.org/supports-color/-/supports-color-7.2.0.tgz",
							"integrity": "sha512-qpCAvRl9stuOHveKsn7HncJRvv501qIacKzQlO/+Lwxc9+0q2wLyv4Dfvt80/DPn2pqOBsJdDiogXGR9+OvwRw==",
							"dev": true,
							"requires": {
								"has-flag": "^4.0.0"
							}
						}
					}
				},
				"color-convert": {
					"version": "1.9.3",
					"resolved": "https://registry.npmjs.org/color-convert/-/color-convert-1.9.3.tgz",
					"integrity": "sha512-QfAUtd+vFdAtFQcC8CCyYt1fYWxSqAiK2cSD6zDB8N3cpsEBAvRxp9zOGg6G/SHHJYAT88/az/IuDGALsNVbGg==",
					"dev": true,
					"requires": {
						"color-name": "1.1.3"
					}
				},
				"color-name": {
					"version": "1.1.3",
					"resolved": "https://registry.npmjs.org/color-name/-/color-name-1.1.3.tgz",
					"integrity": "sha1-p9BVi9icQveV3UIyj3QIMcpTvCU=",
					"dev": true
				},
				"dom-accessibility-api": {
					"version": "0.5.13",
					"resolved": "https://registry.npmjs.org/dom-accessibility-api/-/dom-accessibility-api-0.5.13.tgz",
					"integrity": "sha512-R305kwb5CcMDIpSHUnLyIAp7SrSPBx6F0VfQFB3M75xVMHhXJJIdePYgbPPh1o57vCHNu5QztokWUPsLjWzFqw==",
					"dev": true
				},
				"escape-string-regexp": {
					"version": "1.0.5",
					"resolved": "https://registry.npmjs.org/escape-string-regexp/-/escape-string-regexp-1.0.5.tgz",
					"integrity": "sha1-G2HAViGQqN/2rjuyzwIAyhMLhtQ=",
					"dev": true
				},
				"has-flag": {
					"version": "3.0.0",
					"resolved": "https://registry.npmjs.org/has-flag/-/has-flag-3.0.0.tgz",
					"integrity": "sha1-tdRU3CGZriJWmfNGfloH87lVuv0=",
					"dev": true
				},
				"js-tokens": {
					"version": "4.0.0",
					"resolved": "https://registry.npmjs.org/js-tokens/-/js-tokens-4.0.0.tgz",
					"integrity": "sha512-RdJUflcE3cUzKiMqQgsCu06FPu9UdIJO0beYbPhHN4k6apgJtifcoCtT9bcxOpYBtpD2kCM6Sbzg4CausW/PKQ==",
					"dev": true
				},
				"lz-string": {
					"version": "1.4.4",
					"resolved": "https://registry.npmjs.org/lz-string/-/lz-string-1.4.4.tgz",
					"integrity": "sha1-wNjq82BZ9wV5bh40SBHPTEmNOiY=",
					"dev": true
				},
				"pretty-format": {
					"version": "27.5.1",
					"resolved": "https://registry.npmjs.org/pretty-format/-/pretty-format-27.5.1.tgz",
					"integrity": "sha512-Qb1gy5OrP5+zDf2Bvnzdl3jsTf1qXVMazbvCoKhtKqVs4/YK4ozX4gKQJJVyNe+cajNPn0KoC0MC3FUmaHWEmQ==",
					"dev": true,
					"requires": {
						"ansi-regex": "^5.0.1",
						"ansi-styles": "^5.0.0",
						"react-is": "^17.0.1"
					},
					"dependencies": {
						"ansi-styles": {
							"version": "5.2.0",
							"resolved": "https://registry.npmjs.org/ansi-styles/-/ansi-styles-5.2.0.tgz",
							"integrity": "sha512-Cxwpt2SfTzTtXcfOlzGEee8O+c+MmUgGrNiBcXnuWxuFJHe6a5Hz7qwhwe5OgaSYI0IJvkLqWX1ASG+cJOkEiA==",
							"dev": true
						}
					}
				},
				"react-is": {
					"version": "17.0.2",
					"resolved": "https://registry.npmjs.org/react-is/-/react-is-17.0.2.tgz",
					"integrity": "sha512-w2GsyukL62IJnlaff/nRegPQR94C/XXamvMWmSHRJ4y7Ts/4ocGRmTHvOs8PSE6pB3dWOrD/nueuU5sduBsQ4w==",
					"dev": true
				},
				"regenerator-runtime": {
					"version": "0.13.9",
					"resolved": "https://registry.npmjs.org/regenerator-runtime/-/regenerator-runtime-0.13.9.tgz",
					"integrity": "sha512-p3VT+cOEgxFsRRA9X4lkI1E+k2/CtnKtU4gcxyaCUreilL/vqI6CdZ3wxVUx3UOUg+gnUOQQcRI7BmSI656MYA==",
					"dev": true
				},
				"supports-color": {
					"version": "5.5.0",
					"resolved": "https://registry.npmjs.org/supports-color/-/supports-color-5.5.0.tgz",
					"integrity": "sha512-QjVjwdXIt408MIiAqCX4oUKsgU2EqAGzs2Ppkm4aQYbjm+ZEWEcW4SfFNTr4uMNZma0ey4f5lgLrkB0aX0QMow==",
					"dev": true,
					"requires": {
						"has-flag": "^3.0.0"
					}
				}
			}
		},
		"@vue/test-utils": {
			"version": "2.0.0-rc.20",
			"resolved": "https://registry.npmjs.org/@vue/test-utils/-/test-utils-2.0.0-rc.20.tgz",
			"integrity": "sha512-aSkOAzM/ZlIyYgN7yj661FTjhFZZy5i9+FUbbDNoMGYA4F1WKwDdcDCPj9B/qzt3wGFkuCP5PO6SBtdSTMEhIA==",
			"dev": true
		},
		"vue": {
			"version": "3.2.32",
			"resolved": "https://registry.npmjs.org/vue/-/vue-3.2.32.tgz",
			"integrity": "sha512-6L3jKZApF042OgbCkh+HcFeAkiYi3Lovi8wNhWqIK98Pi5efAMLZzRHgi91v+60oIRxdJsGS9sTMsb+yDpY8Eg==",
			"requires": {
				"@vue/compiler-dom": "3.2.32",
				"@vue/compiler-sfc": "3.2.32",
				"@vue/runtime-dom": "3.2.32",
				"@vue/server-renderer": "3.2.32",
				"@vue/shared": "3.2.32"
			},
			"dependencies": {
				"@babel/parser": {
					"version": "7.17.9",
					"resolved": "https://registry.npmjs.org/@babel/parser/-/parser-7.17.9.tgz",
					"integrity": "sha512-vqUSBLP8dQHFPdPi9bc5GK9vRkYHJ49fsZdtoJ8EQ8ibpwk5rPKfvNIwChB0KVXcIjcepEBBd2VHC5r9Gy8ueg=="
				},
				"@vue/compiler-core": {
					"version": "3.2.32",
					"resolved": "https://registry.npmjs.org/@vue/compiler-core/-/compiler-core-3.2.32.tgz",
					"integrity": "sha512-bRQ8Rkpm/aYFElDWtKkTPHeLnX5pEkNxhPUcqu5crEJIilZH0yeFu/qUAcV4VfSE2AudNPkQSOwMZofhnuutmA==",
					"requires": {
						"@babel/parser": "^7.16.4",
						"@vue/shared": "3.2.32",
						"estree-walker": "^2.0.2",
						"source-map": "^0.6.1"
					}
				},
				"@vue/compiler-dom": {
					"version": "3.2.32",
					"resolved": "https://registry.npmjs.org/@vue/compiler-dom/-/compiler-dom-3.2.32.tgz",
					"integrity": "sha512-maa3PNB/NxR17h2hDQfcmS02o1f9r9QIpN1y6fe8tWPrS1E4+q8MqrvDDQNhYVPd84rc3ybtyumrgm9D5Rf/kg==",
					"requires": {
						"@vue/compiler-core": "3.2.32",
						"@vue/shared": "3.2.32"
					}
				},
				"@vue/compiler-sfc": {
					"version": "3.2.32",
					"resolved": "https://registry.npmjs.org/@vue/compiler-sfc/-/compiler-sfc-3.2.32.tgz",
					"integrity": "sha512-uO6+Gh3AVdWm72lRRCjMr8nMOEqc6ezT9lWs5dPzh1E9TNaJkMYPaRtdY9flUv/fyVQotkfjY/ponjfR+trPSg==",
					"requires": {
						"@babel/parser": "^7.16.4",
						"@vue/compiler-core": "3.2.32",
						"@vue/compiler-dom": "3.2.32",
						"@vue/compiler-ssr": "3.2.32",
						"@vue/reactivity-transform": "3.2.32",
						"@vue/shared": "3.2.32",
						"estree-walker": "^2.0.2",
						"magic-string": "^0.25.7",
						"postcss": "^8.1.10",
						"source-map": "^0.6.1"
					}
				},
				"@vue/compiler-ssr": {
					"version": "3.2.32",
					"resolved": "https://registry.npmjs.org/@vue/compiler-ssr/-/compiler-ssr-3.2.32.tgz",
					"integrity": "sha512-ZklVUF/SgTx6yrDUkaTaBL/JMVOtSocP+z5Xz/qIqqLdW/hWL90P+ob/jOQ0Xc/om57892Q7sRSrex0wujOL2Q==",
					"requires": {
						"@vue/compiler-dom": "3.2.32",
						"@vue/shared": "3.2.32"
					}
				},
				"@vue/reactivity": {
					"version": "3.2.32",
					"resolved": "https://registry.npmjs.org/@vue/reactivity/-/reactivity-3.2.32.tgz",
					"integrity": "sha512-4zaDumuyDqkuhbb63hRd+YHFGopW7srFIWesLUQ2su/rJfWrSq3YUvoKAJE8Eu1EhZ2Q4c1NuwnEreKj1FkDxA==",
					"requires": {
						"@vue/shared": "3.2.32"
					}
				},
				"@vue/reactivity-transform": {
					"version": "3.2.32",
					"resolved": "https://registry.npmjs.org/@vue/reactivity-transform/-/reactivity-transform-3.2.32.tgz",
					"integrity": "sha512-CW1W9zaJtE275tZSWIfQKiPG0iHpdtSlmTqYBu7Y62qvtMgKG5yOxtvBs4RlrZHlaqFSE26avLAgQiTp4YHozw==",
					"requires": {
						"@babel/parser": "^7.16.4",
						"@vue/compiler-core": "3.2.32",
						"@vue/shared": "3.2.32",
						"estree-walker": "^2.0.2",
						"magic-string": "^0.25.7"
					}
				},
				"@vue/runtime-core": {
					"version": "3.2.32",
					"resolved": "https://registry.npmjs.org/@vue/runtime-core/-/runtime-core-3.2.32.tgz",
					"integrity": "sha512-uKKzK6LaCnbCJ7rcHvsK0azHLGpqs+Vi9B28CV1mfWVq1F3Bj8Okk3cX+5DtD06aUh4V2bYhS2UjjWiUUKUF0w==",
					"requires": {
						"@vue/reactivity": "3.2.32",
						"@vue/shared": "3.2.32"
					}
				},
				"@vue/runtime-dom": {
					"version": "3.2.32",
					"resolved": "https://registry.npmjs.org/@vue/runtime-dom/-/runtime-dom-3.2.32.tgz",
					"integrity": "sha512-AmlIg+GPqjkNoADLjHojEX5RGcAg+TsgXOOcUrtDHwKvA8mO26EnLQLB8nylDjU6AMJh2CIYn8NEgyOV5ZIScQ==",
					"requires": {
						"@vue/runtime-core": "3.2.32",
						"@vue/shared": "3.2.32",
						"csstype": "^2.6.8"
					}
				},
				"@vue/server-renderer": {
					"version": "3.2.32",
					"resolved": "https://registry.npmjs.org/@vue/server-renderer/-/server-renderer-3.2.32.tgz",
					"integrity": "sha512-TYKpZZfRJpGTTiy/s6bVYwQJpAUx3G03z4G7/3O18M11oacrMTVHaHjiPuPqf3xQtY8R4LKmQ3EOT/DRCA/7Wg==",
					"requires": {
						"@vue/compiler-ssr": "3.2.32",
						"@vue/shared": "3.2.32"
					}
				},
				"@vue/shared": {
					"version": "3.2.32",
					"resolved": "https://registry.npmjs.org/@vue/shared/-/shared-3.2.32.tgz",
					"integrity": "sha512-bjcixPErUsAnTQRQX4Z5IQnICYjIfNCyCl8p29v1M6kfVzvwOICPw+dz48nNuWlTOOx2RHhzHdazJibE8GSnsw=="
				},
				"csstype": {
					"version": "2.6.20",
					"resolved": "https://registry.npmjs.org/csstype/-/csstype-2.6.20.tgz",
					"integrity": "sha512-/WwNkdXfckNgw6S5R125rrW8ez139lBHWouiBvX8dfMFtcn6V81REDqnH7+CRpRipfYlyU1CmOnOxrmGcFOjeA=="
				},
				"estree-walker": {
					"version": "2.0.2",
					"resolved": "https://registry.npmjs.org/estree-walker/-/estree-walker-2.0.2.tgz",
					"integrity": "sha512-Rfkk/Mp/DL7JVje3u18FxFujQlTNR2q6QfMSMB7AvCBx91NGj/ba3kCfza0f6dVDbw7YlRf/nDrn7pQrCCyQ/w=="
				},
				"magic-string": {
					"version": "0.25.9",
					"resolved": "https://registry.npmjs.org/magic-string/-/magic-string-0.25.9.tgz",
					"integrity": "sha512-RmF0AsMzgt25qzqqLc1+MbHmhdx0ojF2Fvs4XnOqz2ZOBXzzkEwc/dJQZCYHAn7v1jbVOjAZfK8msRn4BxO4VQ==",
					"requires": {
						"sourcemap-codec": "^1.4.8"
					}
				},
				"nanoid": {
					"version": "3.3.2",
					"resolved": "https://registry.npmjs.org/nanoid/-/nanoid-3.3.2.tgz",
					"integrity": "sha512-CuHBogktKwpm5g2sRgv83jEy2ijFzBwMoYA60orPDR7ynsLijJDqgsi4RDGj3OJpy3Ieb+LYwiRmIOGyytgITA=="
				},
				"picocolors": {
					"version": "1.0.0",
					"resolved": "https://registry.npmjs.org/picocolors/-/picocolors-1.0.0.tgz",
					"integrity": "sha512-1fygroTLlHu66zi26VoTDv8yRgm0Fccecssto+MhsZ0D/DGW2sm8E8AjW7NU5VVTRt5GxbeZ5qBuJr+HyLYkjQ=="
				},
				"postcss": {
					"version": "8.4.12",
					"resolved": "https://registry.npmjs.org/postcss/-/postcss-8.4.12.tgz",
					"integrity": "sha512-lg6eITwYe9v6Hr5CncVbK70SoioNQIq81nsaG86ev5hAidQvmOeETBqs7jm43K2F5/Ley3ytDtriImV6TpNiSg==",
					"requires": {
						"nanoid": "^3.3.1",
						"picocolors": "^1.0.0",
						"source-map-js": "^1.0.2"
					}
				},
				"source-map": {
					"version": "0.6.1",
					"resolved": "https://registry.npmjs.org/source-map/-/source-map-0.6.1.tgz",
					"integrity": "sha512-UjgapumWlbMhkBgzT7Ykc5YXUT46F0iKu8SGXq0bcwP5dz/h0Plj6enJqjz1Zbq2l5WaqYnrVbwWOWMyF3F47g=="
				},
				"source-map-js": {
					"version": "1.0.2",
					"resolved": "https://registry.npmjs.org/source-map-js/-/source-map-js-1.0.2.tgz",
					"integrity": "sha512-R0XvVJ9WusLiqTCEiGCmICCMplcCkIwwR11mOSD9CR5u+IXYdiseeEuXCVAjS54zqwkLcPNnmU4OeJ6tUrWhDw=="
				},
				"sourcemap-codec": {
					"version": "1.4.8",
					"resolved": "https://registry.npmjs.org/sourcemap-codec/-/sourcemap-codec-1.4.8.tgz",
					"integrity": "sha512-9NykojV5Uih4lgo5So5dtw+f0JgJX30KCNI8gwhz2J9A15wD0Ml6tjHKwf6fTSa6fAdVBdZeNOs9eJ71qCk8vA=="
				}
			}
		}
	}
}
